
Microsoft Visual Studio Solution File, Format Version 12.00
# Visual Studio Version 17
VisualStudioVersion = 17.11.35312.102
MinimumVisualStudioVersion = 10.0.40219.1
Project("{FAE04EC0-301F-11D3-BF4B-00C04F79EFBC}") = "WpfGraphics2DApp", "WpfGraphics2DApp\WpfGraphics2DApp.csproj", "{C52CE93B-B294-4FF8-86AC-2BFFC8157A0B}"
EndProject
Global
	GlobalSection(SolutionConfigurationPlatforms) = preSolution
		Debug|Any CPU = Debug|Any CPU
		Release|Any CPU = Release|Any CPU
	EndGlobalSection
	GlobalSection(ProjectConfigurationPlatforms) = postSolution
		{C52CE93B-B294-4FF8-86AC-2BFFC8157A0B}.Debug|Any CPU.ActiveCfg = Debug|Any CPU
		{C52CE93B-B294-4FF8-86AC-2BFFC8157A0B}.Debug|Any CPU.Build.0 = Debug|Any CPU
		{C52CE93B-B294-4FF8-86AC-2BFFC8157A0B}.Release|Any CPU.ActiveCfg = Release|Any CPU
		{C52CE93B-B294-4FF8-86AC-2BFFC8157A0B}.Release|Any CPU.Build.0 = Release|Any CPU
	EndGlobalSection
	GlobalSection(SolutionProperties) = preSolution
		HideSolutionNode = FALSE
	EndGlobalSection
	GlobalSection(ExtensibilityGlobals) = postSolution
		SolutionGuid = {172ACBBC-6A4F-4AA1-9FD6-F2107E5667D5}
	EndGlobalSection
EndGlobal
